
Microsoft Visual Studio Solution File, Format Version 12.00
Project("{FAE04EC0-301F-11D3-BF4B-00C04F79EFBC}") = "Layered.Presentation", "Layered.Presentation\Layered.Presentation.csproj", "{0282A01C-550D-4E41-8AB3-EEF8EEABD965}"
EndProject
Project("{FAE04EC0-301F-11D3-BF4B-00C04F79EFBC}") = "Layered.Domain", "Layered.Domain\Layered.Domain.csproj", "{6740B578-D779-4F79-AB77-3BD83668A598}"
EndProject
Project("{FAE04EC0-301F-11D3-BF4B-00C04F79EFBC}") = "Layered.Infrastructure", "Layered.Infrastructure\Layered.Infrastructure.csproj", "{D479C369-BF6E-4E27-9E47-117B5B503200}"
EndProject
Project("{2150E333-8FDC-42A3-9474-1A3956D46DE8}") = "Layered", "Layered", "{1157F00D-7EE7-4207-A606-54D394DD81ED}"
EndProject
Project("{2150E333-8FDC-42A3-9474-1A3956D46DE8}") = "Clean", "Clean", "{99C59959-DBB0-4D08-969D-DB866F70FF29}"
EndProject
Project("{FAE04EC0-301F-11D3-BF4B-00C04F79EFBC}") = "Clean.Presentation", "Clean.Presentation\Clean.Presentation.csproj", "{3A695186-6C65-44FB-B5B0-5E13A320C7EF}"
EndProject
Project("{FAE04EC0-301F-11D3-BF4B-00C04F79EFBC}") = "Clean.Domain", "Clean.Domain\Clean.Domain.csproj", "{374A6318-A81B-4758-8009-BBE9811CF8BC}"
EndProject
Project("{FAE04EC0-301F-11D3-BF4B-00C04F79EFBC}") = "Clean.Infrastructure", "Clean.Infrastructure\Clean.Infrastructure.csproj", "{7F6AE942-DD89-404C-BBB3-48B6D28191B6}"
EndProject
Global
	GlobalSection(SolutionConfigurationPlatforms) = preSolution
		Debug|Any CPU = Debug|Any CPU
		Release|Any CPU = Release|Any CPU
	EndGlobalSection
	GlobalSection(ProjectConfigurationPlatforms) = postSolution
		{0282A01C-550D-4E41-8AB3-EEF8EEABD965}.Debug|Any CPU.ActiveCfg = Debug|Any CPU
		{0282A01C-550D-4E41-8AB3-EEF8EEABD965}.Debug|Any CPU.Build.0 = Debug|Any CPU
		{0282A01C-550D-4E41-8AB3-EEF8EEABD965}.Release|Any CPU.ActiveCfg = Release|Any CPU
		{0282A01C-550D-4E41-8AB3-EEF8EEABD965}.Release|Any CPU.Build.0 = Release|Any CPU
		{6740B578-D779-4F79-AB77-3BD83668A598}.Debug|Any CPU.ActiveCfg = Debug|Any CPU
		{6740B578-D779-4F79-AB77-3BD83668A598}.Debug|Any CPU.Build.0 = Debug|Any CPU
		{6740B578-D779-4F79-AB77-3BD83668A598}.Release|Any CPU.ActiveCfg = Release|Any CPU
		{6740B578-D779-4F79-AB77-3BD83668A598}.Release|Any CPU.Build.0 = Release|Any CPU
		{D479C369-BF6E-4E27-9E47-117B5B503200}.Debug|Any CPU.ActiveCfg = Debug|Any CPU
		{D479C369-BF6E-4E27-9E47-117B5B503200}.Debug|Any CPU.Build.0 = Debug|Any CPU
		{D479C369-BF6E-4E27-9E47-117B5B503200}.Release|Any CPU.ActiveCfg = Release|Any CPU
		{D479C369-BF6E-4E27-9E47-117B5B503200}.Release|Any CPU.Build.0 = Release|Any CPU
		{3A695186-6C65-44FB-B5B0-5E13A320C7EF}.Debug|Any CPU.ActiveCfg = Debug|Any CPU
		{3A695186-6C65-44FB-B5B0-5E13A320C7EF}.Debug|Any CPU.Build.0 = Debug|Any CPU
		{3A695186-6C65-44FB-B5B0-5E13A320C7EF}.Release|Any CPU.ActiveCfg = Release|Any CPU
		{3A695186-6C65-44FB-B5B0-5E13A320C7EF}.Release|Any CPU.Build.0 = Release|Any CPU
		{374A6318-A81B-4758-8009-BBE9811CF8BC}.Debug|Any CPU.ActiveCfg = Debug|Any CPU
		{374A6318-A81B-4758-8009-BBE9811CF8BC}.Debug|Any CPU.Build.0 = Debug|Any CPU
		{374A6318-A81B-4758-8009-BBE9811CF8BC}.Release|Any CPU.ActiveCfg = Release|Any CPU
		{374A6318-A81B-4758-8009-BBE9811CF8BC}.Release|Any CPU.Build.0 = Release|Any CPU
		{7F6AE942-DD89-404C-BBB3-48B6D28191B6}.Debug|Any CPU.ActiveCfg = Debug|Any CPU
		{7F6AE942-DD89-404C-BBB3-48B6D28191B6}.Debug|Any CPU.Build.0 = Debug|Any CPU
		{7F6AE942-DD89-404C-BBB3-48B6D28191B6}.Release|Any CPU.ActiveCfg = Release|Any CPU
		{7F6AE942-DD89-404C-BBB3-48B6D28191B6}.Release|Any CPU.Build.0 = Release|Any CPU
	EndGlobalSection
	GlobalSection(NestedProjects) = preSolution
		{6740B578-D779-4F79-AB77-3BD83668A598} = {1157F00D-7EE7-4207-A606-54D394DD81ED}
		{D479C369-BF6E-4E27-9E47-117B5B503200} = {1157F00D-7EE7-4207-A606-54D394DD81ED}
		{0282A01C-550D-4E41-8AB3-EEF8EEABD965} = {1157F00D-7EE7-4207-A606-54D394DD81ED}
		{3A695186-6C65-44FB-B5B0-5E13A320C7EF} = {99C59959-DBB0-4D08-969D-DB866F70FF29}
		{374A6318-A81B-4758-8009-BBE9811CF8BC} = {99C59959-DBB0-4D08-969D-DB866F70FF29}
		{7F6AE942-DD89-404C-BBB3-48B6D28191B6} = {99C59959-DBB0-4D08-969D-DB866F70FF29}
	EndGlobalSection
EndGlobal
